# THIS IS AN AUTOGENERATED FILE. DO NOT EDIT THIS FILE DIRECTLY.
# yarn lockfile v1


"@abp/aspnetcore.mvc.ui.theme.leptonxlite@~5.0.2":
  version "5.0.2"
  resolved "https://registry.yarnpkg.com/@abp/aspnetcore.mvc.ui.theme.leptonxlite/-/aspnetcore.mvc.ui.theme.leptonxlite-5.0.2.tgz#8f8ce8858cc608fe141696e6b026a9dbf47ccd13"
  integrity sha512-HXW4a0CsV5Tiqzhh+uWwNyPxxlJ0dUdWQeRyJ7+vxNp6vajB9/S1RYPmPNnW83pAsT9UDE9qYMnbf7N0ftUu7Q==
  dependencies:
    "@abp/aspnetcore.mvc.ui.theme.shared" "~10.0.2"

"@abp/aspnetcore.mvc.ui.theme.shared@~10.0.2":
  version "10.0.2"
  resolved "https://registry.yarnpkg.com/@abp/aspnetcore.mvc.ui.theme.shared/-/aspnetcore.mvc.ui.theme.shared-10.0.2.tgz#04c5fb5d728c219f7f0eaf9da979c706ab3288f9"
  integrity sha512-AKJoIPdv8HOb4JUMjaFTW0vKlUW7x2ss3R+/1cgMtAk0u3DYhev0MmId/4hj2oOTWW9EsS0maLUmCFXbWZGRzg==
  dependencies:
    "@abp/aspnetcore.mvc.ui" "~10.0.2"
    "@abp/bootstrap" "~10.0.2"
    "@abp/bootstrap-datepicker" "~10.0.2"
    "@abp/bootstrap-daterangepicker" "~10.0.2"
    "@abp/datatables.net-bs5" "~10.0.2"
    "@abp/font-awesome" "~10.0.2"
    "@abp/jquery-form" "~10.0.2"
    "@abp/jquery-validation-unobtrusive" "~10.0.2"
    "@abp/lodash" "~10.0.2"
    "@abp/luxon" "~10.0.2"
    "@abp/malihu-custom-scrollbar-plugin" "~10.0.2"
    "@abp/moment" "~10.0.2"
    "@abp/select2" "~10.0.2"
    "@abp/sweetalert2" "~10.0.2"
    "@abp/timeago" "~10.0.2"

"@abp/aspnetcore.mvc.ui@~10.0.2":
  version "10.0.2"
  resolved "https://registry.yarnpkg.com/@abp/aspnetcore.mvc.ui/-/aspnetcore.mvc.ui-10.0.2.tgz#09513223167df958c376dc9820b67e1cd7c2bd81"
  integrity sha512-hHauii2s+6NqjEQW+9ogvTvRgUF9DS9IiAGgGmBNKl+UtFEHVXLbjm3k6UBKux/6jaVqVd/zU7Gz/LEEqh/Dww==
  dependencies:
    ansi-colors "^4.1.3"

"@abp/bootstrap-datepicker@~10.0.2":
  version "10.0.2"
  resolved "https://registry.yarnpkg.com/@abp/bootstrap-datepicker/-/bootstrap-datepicker-10.0.2.tgz#81465403781e2b0e898e2e91df36bfd2bd9024e5"
  integrity sha512-JeNra/0wTWwdlVoMG36ZubDGJJQ6d6yENAEJr5oMTf2YJzWVfJmF4YQFYaYrj3R2L1i29wUgZ+QxaGvQemoF7w==
  dependencies:
    bootstrap-datepicker "^1.10.1"

"@abp/bootstrap-daterangepicker@~10.0.2":
  version "10.0.2"
  resolved "https://registry.yarnpkg.com/@abp/bootstrap-daterangepicker/-/bootstrap-daterangepicker-10.0.2.tgz#836bbcd8dbd477f1017f8b2329fde83397a0ff6c"
  integrity sha512-0cDHtL1+a/6LNWFoy7K7EbobK33kdBgWhgBH1OWsBmbLx5yl3Uz3VWXnM3SuXhzvnPslHG7bZKLPHPxZ2z/EaQ==
  dependencies:
    bootstrap-daterangepicker "^3.1.0"

"@abp/bootstrap@~10.0.2":
  version "10.0.2"
  resolved "https://registry.yarnpkg.com/@abp/bootstrap/-/bootstrap-10.0.2.tgz#f45c777d9b59bf749fc8bf03ee42ddf0453d3b82"
  integrity sha512-hQVSP0dcTQV41OY+eSFJU5VZmVco8Kkim0sivqxbylyF1jpoaE/P3PZ8SJHSDaFnrQUq7fBW7AK1lOHpADj3Cw==
  dependencies:
    "@abp/core" "~10.0.2"
    bootstrap "^5.3.8"

"@abp/core@~10.0.2":
  version "10.0.2"
  resolved "https://registry.yarnpkg.com/@abp/core/-/core-10.0.2.tgz#31b64994b27f005682c88a30f53dc384fa4aff39"
  integrity sha512-8TWb0n37DMh10QMdM3le0eD9hhE8UdY0cb6jqJEN+Legb/5PD+fEaeSB6WOhYI1B8skdufzHQZvnK0PE5kk0Uw==
  dependencies:
    "@abp/utils" "~10.0.2"

"@abp/datatables.net-bs5@~10.0.2":
  version "10.0.2"
  resolved "https://registry.yarnpkg.com/@abp/datatables.net-bs5/-/datatables.net-bs5-10.0.2.tgz#5a2c15ede5ae2828d7855b7c5722460a0ab6302d"
  integrity sha512-OdVh6LB5wpXKij3ZMU4Is8OI8gACG0wMoTN5V0QtACbmS0ZcQGEQzsQBb1LPledWVDTDCaHYGmW+bnqihMovXw==
  dependencies:
    "@abp/datatables.net" "~10.0.2"
    datatables.net-bs5 "^2.3.4"

"@abp/datatables.net@~10.0.2":
  version "10.0.2"
  resolved "https://registry.yarnpkg.com/@abp/datatables.net/-/datatables.net-10.0.2.tgz#c3d78e132a4d3c35e3f0534cfe6fddcea87441f9"
  integrity sha512-xZJvsYkaZ2V5fHj0vKTJ8dCpD7xJCIBzImd1KF2AeudbARhmuQGysKp1maMcXvR3zyISvwrYVw9N3BSgsXR6ww==
  dependencies:
    "@abp/jquery" "~10.0.2"
    datatables.net "^2.3.4"

"@abp/font-awesome@~10.0.2":
  version "10.0.2"
  resolved "https://registry.yarnpkg.com/@abp/font-awesome/-/font-awesome-10.0.2.tgz#98e56c81bcf298c60ac01cf7b91ffbf00cc6fe0d"
  integrity sha512-8Dhb+awk1vcwoQXIrmTX9E1MymrnmkQYVs3Z9pnllkeiEyK13HjchDR6R6L46rkH7UaPbg0cWiP0bJxOjUusvw==
  dependencies:
    "@abp/core" "~10.0.2"
    "@fortawesome/fontawesome-free" "^7.0.1"

"@abp/jquery-form@~10.0.2":
  version "10.0.2"
  resolved "https://registry.yarnpkg.com/@abp/jquery-form/-/jquery-form-10.0.2.tgz#671adc793e6d8264cc58ffe7906bde3d5b70bb26"
  integrity sha512-aFKdc1rKuAYX9iyyOTv52iPX4zomPvgXX4bCFITjhasgE7Wz/FUD2VhtK7ZZ7LLNGXbY8AV3I0KI4AsyDrl7hA==
  dependencies:
    "@abp/jquery" "~10.0.2"
    jquery-form "^4.3.0"

"@abp/jquery-validation-unobtrusive@~10.0.2":
  version "10.0.2"
  resolved "https://registry.yarnpkg.com/@abp/jquery-validation-unobtrusive/-/jquery-validation-unobtrusive-10.0.2.tgz#3538fc72475bb728445f518cddace6e7f5a55590"
  integrity sha512-reCGTZJfbXoepIYUyLW7havalo/xbRUQ6g/v+FvtGlZxNGEtl983ayTUPDvMaDrwPLPjYTXFIe6uS54HVGvPXg==
  dependencies:
    "@abp/jquery-validation" "~10.0.2"
    jquery-validation-unobtrusive "^4.0.0"

"@abp/jquery-validation@~10.0.2":
  version "10.0.2"
  resolved "https://registry.yarnpkg.com/@abp/jquery-validation/-/jquery-validation-10.0.2.tgz#5935430d88649400a6813ad4c3e7818402b8df02"
  integrity sha512-5kebCjQBBBSu7LV8VnZmPWnHZpM9fHEyRs8IZJj3QY1w0UFkfMI56Vq0PB3yCfiwwLJNMZD8o0vZ2tBdax7RQg==
  dependencies:
    "@abp/jquery" "~10.0.2"
    jquery-validation "^1.21.0"

"@abp/jquery@~10.0.2":
  version "10.0.2"
  resolved "https://registry.yarnpkg.com/@abp/jquery/-/jquery-10.0.2.tgz#414557453006608798257f3f3068d8c49c389a8d"
  integrity sha512-5kv0cJUWBbpgZMYcX3pSAzmnmTrc6NwoPvTx0p78Je1wa613Q8kDcwsPOj6PAOsU+y1+L/vfedkthxVt60Kxfw==
  dependencies:
    "@abp/core" "~10.0.2"
    jquery "~3.7.1"

"@abp/lodash@~10.0.2":
  version "10.0.2"
  resolved "https://registry.yarnpkg.com/@abp/lodash/-/lodash-10.0.2.tgz#a1680b6eea92ea78c3f1a9407f900452017bc821"
  integrity sha512-KeE7EBY8OrDFJtC6BNRBa3COr2wrfF/6vSRvC4fG+TEsOAUxc6btAAMU+sliSxx+rpLCUcgacNHDbyvAnoBuDQ==
  dependencies:
    "@abp/core" "~10.0.2"
    lodash "^4.17.21"

"@abp/luxon@~10.0.2":
  version "10.0.2"
  resolved "https://registry.yarnpkg.com/@abp/luxon/-/luxon-10.0.2.tgz#dc4e52085ef2cf57f7f328fb64be7449e4da6fc2"
  integrity sha512-+bBvHEtFzLrIcaJq7MnCbNhJaU+O7x2FuNyRxQ87ML1B1w1ePh/xcl5eHoDJspKTyJKzEqE+NLp/zCKug2Kx0Q==
  dependencies:
    "@abp/core" "~10.0.2"
    luxon "^3.7.2"

"@abp/malihu-custom-scrollbar-plugin@~10.0.2":
  version "10.0.2"
  resolved "https://registry.yarnpkg.com/@abp/malihu-custom-scrollbar-plugin/-/malihu-custom-scrollbar-plugin-10.0.2.tgz#580c21360f58b3cf3bd5b17516dd575208812c4f"
  integrity sha512-IlPCzNZV25xRHZyQRSA7jVdl6AZQv1hWRdWUtWQAUDPLEUiA+f/3D7Lo2AWuCtYH/l54br2+sow8Z9vVpulKBA==
  dependencies:
    "@abp/core" "~10.0.2"
    malihu-custom-scrollbar-plugin "^3.1.5"

"@abp/moment@~10.0.2":
  version "10.0.2"
  resolved "https://registry.yarnpkg.com/@abp/moment/-/moment-10.0.2.tgz#a7438152c44a9c613f6b545dbc7a7d5037d4cd1f"
  integrity sha512-2WLek6MA5X7U9tJtlrHEBzwWvS2VXFczk0K0WOoi/BZmabNhUG4SJZaCVfwGTaGIdMRqLxhFuDJDyq2QXbLCCQ==
  dependencies:
    moment "^2.30.1"

"@abp/select2@~10.0.2":
  version "10.0.2"
  resolved "https://registry.yarnpkg.com/@abp/select2/-/select2-10.0.2.tgz#04c98ddfca4c5dcae9509fe7e68f49738217a8cb"
  integrity sha512-+6gLa8iQwG9AcIYthOa9VpvIWU1NmxWDZ9fgA43j+97/77tGzmAWHW7QEGtW1qBXb04lXJpSOws3mLz4kZyneA==
  dependencies:
    "@abp/core" "~10.0.2"
    select2 "^4.0.13"

"@abp/sweetalert2@~10.0.2":
  version "10.0.2"
  resolved "https://registry.yarnpkg.com/@abp/sweetalert2/-/sweetalert2-10.0.2.tgz#30c3a58b1e4238df85a31dc82985a94bf21becbe"
  integrity sha512-h9xiDPQOh6FJhh0daHXn8N2siGBzSD2TO/cP7rP/jMJUX68QrhI2LdIL36NkqLKMZ4VAnlCO0dRyfOdz+gm86g==
  dependencies:
    "@abp/core" "~10.0.2"
    sweetalert2 "^11.23.0"

"@abp/timeago@~10.0.2":
  version "10.0.2"
  resolved "https://registry.yarnpkg.com/@abp/timeago/-/timeago-10.0.2.tgz#5d2421efa9285ca4066452fc024fc778762b5511"
  integrity sha512-4FNMzzGovr+AmZfNMo1+XLSvVwaCrJaEbDqqq/cjxBr2hdbA+nVTp/CAFjkEMEjsNy+2NU9Nk8dmdERmlUFeKg==
  dependencies:
    "@abp/jquery" "~10.0.2"
    timeago "^1.6.7"

"@abp/utils@~10.0.2":
  version "10.0.2"
  resolved "https://registry.yarnpkg.com/@abp/utils/-/utils-10.0.2.tgz#e1b5384cdad0b6d417228af165e815870772a86e"
  integrity sha512-+akwevzwZBWakgBihjQ5nHerM8OEJYDLThzCGrBw6Sg+xpBc1RL5YRDXh4ZU8rD8r8okL1+jRuwv0KEBuqYufw==
  dependencies:
    just-compare "^2.3.0"

"@fortawesome/fontawesome-free@^7.0.1":
  version "7.1.0"
  resolved "https://registry.yarnpkg.com/@fortawesome/fontawesome-free/-/fontawesome-free-7.1.0.tgz#8eb76278515341720aa74485266f8be121089529"
  integrity sha512-+WxNld5ZCJHvPQCr/GnzCTVREyStrAJjisUPtUxG5ngDA8TMlPnKp6dddlTpai4+1GNmltAeuk1hJEkBohwZYA==

ansi-colors@^4.1.3:
  version "4.1.3"
  resolved "https://registry.yarnpkg.com/ansi-colors/-/ansi-colors-4.1.3.tgz#37611340eb2243e70cc604cad35d63270d48781b"
  integrity sha512-/6w/C21Pm1A7aZitlI5Ni/2J6FFQN8i1Cvz3kHABAAbw93v/NlvKdVOqz7CCWz/3iv/JplRSEEZ83XION15ovw==

bootstrap-datepicker@^1.10.1:
  version "1.10.1"
  resolved "https://registry.yarnpkg.com/bootstrap-datepicker/-/bootstrap-datepicker-1.10.1.tgz#0a8bec42957ea1ce1272b91bcf2b53696629fb86"
  integrity sha512-GIe+fsLp9Hi30oW7L2v2Q9/a4+aojrIA2p4ZagtLuKw2lpfQgjJjM0L6vl/lYQydGXWUbpoKbEC/O5tzWIkEKQ==
  dependencies:
    jquery ">=3.4.0 <4.0.0"

bootstrap-daterangepicker@^3.1.0:
  version "3.1.0"
  resolved "https://registry.yarnpkg.com/bootstrap-daterangepicker/-/bootstrap-daterangepicker-3.1.0.tgz#632e6fb2de4b6360c5c0a9d5f6adb9aace051fe8"
  integrity sha512-oaQZx6ZBDo/dZNyXGVi2rx5GmFXThyQLAxdtIqjtLlYVaQUfQALl5JZMJJZzyDIX7blfy4ppZPAJ10g8Ma4d/g==
  dependencies:
    jquery ">=1.10"
    moment "^2.9.0"

bootstrap@^5.3.8:
  version "5.3.8"
  resolved "https://registry.yarnpkg.com/bootstrap/-/bootstrap-5.3.8.tgz#6401a10057a22752d21f4e19055508980656aeed"
  integrity sha512-HP1SZDqaLDPwsNiqRqi5NcP0SSXciX2s9E+RyqJIIqGo+vJeN5AJVM98CXmW/Wux0nQ5L7jeWUdplCEf0Ee+tg==

datatables.net-bs5@^2.3.4:
  version "2.3.6"
  resolved "https://registry.yarnpkg.com/datatables.net-bs5/-/datatables.net-bs5-2.3.6.tgz#88e9b015cb3d260f3e874f0f9ad16dc566b997da"
  integrity sha512-oUNGjZrpNC2fY3l/6V4ijTC9kyVKU4Raons+RFmq2J7590rPn0c+5WAYKBx0evgW/CW7WfhStGBrU7+WJig6Og==
  dependencies:
    datatables.net "2.3.6"
    jquery ">=1.7"

datatables.net@2.3.6, datatables.net@^2.3.4:
  version "2.3.6"
  resolved "https://registry.yarnpkg.com/datatables.net/-/datatables.net-2.3.6.tgz#a11be57a2b50d7231cae2980a8ff1df3c18b7b17"
  integrity sha512-xQ/dCxrjfxM0XY70wSIzakkTZ6ghERwlLmAPyCnu8Sk5cyt9YvOVyOsFNOa/BZ/lM63Q3i2YSSvp/o7GXZGsbg==
  dependencies:
    jquery ">=1.7"

jquery-form@^4.3.0:
  version "4.3.0"
  resolved "https://registry.yarnpkg.com/jquery-form/-/jquery-form-4.3.0.tgz#7d3961c314a1f2d15298f4af1d3943f54f4149c6"
  integrity sha512-q3uaVCEWdLOYUCI6dpNdwf/7cJFOsUgdpq6r0taxtGQ5NJSkOzofyWm4jpOuJ5YxdmL1FI5QR+q+HB63HHLGnQ==
  dependencies:
    jquery ">=1.7.2"

jquery-mousewheel@>=3.0.6:
  version "3.2.2"
  resolved "https://registry.yarnpkg.com/jquery-mousewheel/-/jquery-mousewheel-3.2.2.tgz#48c833f6260ee0c46d438a999e7d0060ec9eed0b"
  integrity sha512-JP71xTAg08ZY3hcs9ZbYUZ5i+dkSsz4yRl/zpWkAmtzc+kMs5EfPkpkINSidiLYMaR0MTo3DfFGF9WIezMsFQQ==
  dependencies:
    jquery ">=1.2.6"

jquery-validation-unobtrusive@^4.0.0:
  version "4.0.0"
  resolved "https://registry.yarnpkg.com/jquery-validation-unobtrusive/-/jquery-validation-unobtrusive-4.0.0.tgz#dfcf25a558496a2c883db6021d10f5398d15f99d"
  integrity sha512-1ervYFFv6LX/rp7ktuLnMakHNG0piNRDyROI8Ir3hL1vPIwylAehB1AY3BPrYJnzW3WmwWryZq+Bz4sazZK9iQ==
  dependencies:
    jquery "^3.6.0"
    jquery-validation ">=1.19"

jquery-validation@>=1.19, jquery-validation@^1.21.0:
  version "1.21.0"
  resolved "https://registry.yarnpkg.com/jquery-validation/-/jquery-validation-1.21.0.tgz#78fc05ab76020912a246af3661b3f54a438bca93"
  integrity sha512-xNot0rlUIgu7duMcQ5qb6MGkGL/Z1PQaRJQoZAURW9+a/2PGOUxY36o/WyNeP2T9R6jvWB8Z9lUVvvQWI/Zs5w==

jquery@>=1.10, jquery@>=1.2.6, jquery@>=1.7, jquery@>=1.7.2:
  version "4.0.0"
  resolved "https://registry.yarnpkg.com/jquery/-/jquery-4.0.0.tgz#95c33ac29005ff72ec444c5ba1cf457e61404fbb"
  integrity sha512-TXCHVR3Lb6TZdtw1l3RTLf8RBWVGexdxL6AC8/e0xZKEpBflBsjh9/8LXw+dkNFuOyW9B7iB3O1sP7hS0Kiacg==

"jquery@>=1.5.0 <4.0", "jquery@>=3.4.0 <4.0.0", jquery@^3.6.0, jquery@~3.7.1:
  version "3.7.1"
  resolved "https://registry.yarnpkg.com/jquery/-/jquery-3.7.1.tgz#083ef98927c9a6a74d05a6af02806566d16274de"
  integrity sha512-m4avr8yL8kmFN8psrbFFFmB/If14iN5o9nw/NgnnM+kybDJpRsAynV2BsfpTYrTRysYUdADVD7CkUUizgkpLfg==

just-compare@^2.3.0:
  version "2.3.0"
  resolved "https://registry.yarnpkg.com/just-compare/-/just-compare-2.3.0.tgz#a2adcc1d1940536263275f5a1ef1298bcacfeda7"
  integrity sha512-6shoR7HDT+fzfL3gBahx1jZG3hWLrhPAf+l7nCwahDdT9XDtosB9kIF0ZrzUp5QY8dJWfQVr5rnsPqsbvflDzg==

lodash@^4.17.21:
  version "4.17.21"
  resolved "https://registry.yarnpkg.com/lodash/-/lodash-4.17.21.tgz#679591c564c3bffaae8454cf0b3df370c3d6911c"
  integrity sha512-v2kDEe57lecTulaDIuNTPy3Ry4gLGJ6Z1O3vE1krgXZNrsQ+LFTGHVxVjcXPs17LhbZVGedAJv8XZ1tvj5FvSg==

luxon@^3.7.2:
  version "3.7.2"
  resolved "https://registry.yarnpkg.com/luxon/-/luxon-3.7.2.tgz#d697e48f478553cca187a0f8436aff468e3ba0ba"
  integrity sha512-vtEhXh/gNjI9Yg1u4jX/0YVPMvxzHuGgCm6tC5kZyb08yjGWGnqAjGJvcXbqQR2P3MyMEFnRbpcdFS6PBcLqew==

malihu-custom-scrollbar-plugin@^3.1.5:
  version "3.1.5"
  resolved "https://registry.yarnpkg.com/malihu-custom-scrollbar-plugin/-/malihu-custom-scrollbar-plugin-3.1.5.tgz#310cecc5e59415a1c29e9dfb5d2b6e01d66a29ef"
  integrity sha512-lwW3LgI+CNDMPnP4ED2la6oYxWMkCXlnhex+s2wuOLhFDFGnGmQuTQVdRK9bvDLpxs10sGlfErVufJy9ztfgJQ==
  dependencies:
    jquery-mousewheel ">=3.0.6"

moment@^2.30.1, moment@^2.9.0:
  version "2.30.1"
  resolved "https://registry.yarnpkg.com/moment/-/moment-2.30.1.tgz#f8c91c07b7a786e30c59926df530b4eac96974ae"
  integrity sha512-uEmtNhbDOrWPFS+hdjFCBfy9f2YoyzRpwcl+DqpC6taX21FzsTLQVbMV/W7PzNSX6x/bhC1zA3c2UQ5NzH6how==

select2@^4.0.13:
  version "4.0.13"
  resolved "https://registry.yarnpkg.com/select2/-/select2-4.0.13.tgz#0dbe377df3f96167c4c1626033e924372d8ef44d"
  integrity sha512-1JeB87s6oN/TDxQQYCvS5EFoQyvV6eYMZZ0AeA4tdFDYWN3BAGZ8npr17UBFddU0lgAt3H0yjX3X6/ekOj1yjw==

sweetalert2@^11.23.0:
  version "11.26.17"
  resolved "https://registry.yarnpkg.com/sweetalert2/-/sweetalert2-11.26.17.tgz#be5dd2a9b8d1c3b2672de4de4d172e62f7be3a6d"
  integrity sha512-kkaySn1IRfwNlf9AkZVqDmBINDWw9NRR6Ij0O5dBRBOD1+mbtZJWxxR9/pA90nce9E5tIIkJ7SWij4rMWXtA1g==

timeago@^1.6.7:
  version "1.6.7"
  resolved "https://registry.yarnpkg.com/timeago/-/timeago-1.6.7.tgz#afd467c29a911e697fc22a81888c7c3022783cb5"
  integrity sha512-FikcjN98+ij0siKH4VO4dZ358PR3oDDq4Vdl1+sN9gWz1/+JXGr3uZbUShYH/hL7bMhcTpPbplJU5Tej4b4jbQ==
  dependencies:
    jquery ">=1.5.0 <4.0"
