# THIS IS AN AUTOGENERATED FILE. DO NOT EDIT THIS FILE DIRECTLY.
# yarn lockfile v1


"@abp/aspnetcore.mvc.ui.theme.leptonxlite@~5.0.2":
  version "5.0.2"
  resolved "https://registry.yarnpkg.com/@abp/aspnetcore.mvc.ui.theme.leptonxlite/-/aspnetcore.mvc.ui.theme.leptonxlite-5.0.2.tgz#8f8ce8858cc608fe141696e6b026a9dbf47ccd13"
  integrity sha512-HXW4a0CsV5Tiqzhh+uWwNyPxxlJ0dUdWQeRyJ7+vxNp6vajB9/S1RYPmPNnW83pAsT9UDE9qYMnbf7N0ftUu7Q==
  dependencies:
    "@abp/aspnetcore.mvc.ui.theme.shared" "~10.0.2"

"@abp/aspnetcore.mvc.ui.theme.shared@~10.0.2":
  version "10.0.2"
  resolved "https://registry.yarnpkg.com/@abp/aspnetcore.mvc.ui.theme.shared/-/aspnetcore.mvc.ui.theme.shared-10.0.2.tgz#04c5fb5d728c219f7f0eaf9da979c706ab3288f9"
  integrity sha512-AKJoIPdv8HOb4JUMjaFTW0vKlUW7x2ss3R+/1cgMtAk0u3DYhev0MmId/4hj2oOTWW9EsS0maLUmCFXbWZGRzg==
  dependencies:
    "@abp/aspnetcore.mvc.ui" "~10.0.2"
    "@abp/bootstrap" "~10.0.2"
    "@abp/bootstrap-datepicker" "~10.0.2"
    "@abp/bootstrap-daterangepicker" "~10.0.2"
    "@abp/datatables.net-bs5" "~10.0.2"
    "@abp/font-awesome" "~10.0.2"
    "@abp/jquery-form" "~10.0.2"
    "@abp/jquery-validation-unobtrusive" "~10.0.2"
    "@abp/lodash" "~10.0.2"
    "@abp/luxon" "~10.0.2"
    "@abp/malihu-custom-scrollbar-plugin" "~10.0.2"
    "@abp/moment" "~10.0.2"
    "@abp/select2" "~10.0.2"
    "@abp/sweetalert2" "~10.0.2"
    "@abp/timeago" "~10.0.2"

"@abp/aspnetcore.mvc.ui@~10.0.2":
  version "10.0.2"
  resolved "https://registry.yarnpkg.com/@abp/aspnetcore.mvc.ui/-/aspnetcore.mvc.ui-10.0.2.tgz#09513223167df958c376dc9820b67e1cd7c2bd81"
  integrity sha512-hHauii2s+6NqjEQW+9ogvTvRgUF9DS9IiAGgGmBNKl+UtFEHVXLbjm3k6UBKux/6jaVqVd/zU7Gz/LEEqh/Dww==
  dependencies:
    ansi-colors "^4.1.3"

"@abp/bootstrap-datepicker@~10.0.2":
  version "10.0.2"
  resolved "https://registry.yarnpkg.com/@abp/bootstrap-datepicker/-/bootstrap-datepicker-10.0.2.tgz#81465403781e2b0e898e2e91df36bfd2bd9024e5"
  integrity sha512-JeNra/0wTWwdlVoMG36ZubDGJJQ6d6yENAEJr5oMTf2YJzWVfJmF4YQFYaYrj3R2L1i29wUgZ+QxaGvQemoF7w==
  dependencies:
    bootstrap-datepicker "^1.10.1"

"@abp/bootstrap-daterangepicker@~10.0.2":
  version "10.0.2"
  resolved "https://registry.yarnpkg.com/@abp/bootstrap-daterangepicker/-/bootstrap-daterangepicker-10.0.2.tgz#836bbcd8dbd477f1017f8b2329fde83397a0ff6c"
  integrity sha512-0cDHtL1+a/6LNWFoy7K7EbobK33kdBgWhgBH1OWsBmbLx5yl3Uz3VWXnM3SuXhzvnPslHG7bZKLPHPxZ2z/EaQ==
  dependencies:
    bootstrap-daterangepicker "^3.1.0"

"@abp/bootstrap@~10.0.2":
  version "10.0.2"
  resolved "https://registry.yarnpkg.com/@abp/bootstrap/-/bootstrap-10.0.2.tgz#f45c777d9b59bf749fc8bf03ee42ddf0453d3b82"
  integrity sha512-hQVSP0dcTQV41OY+eSFJU5VZmVco8Kkim0sivqxbylyF1jpoaE/P3PZ8SJHSDaFnrQUq7fBW7AK1lOHpADj3Cw==
  dependencies:
    "@abp/core" "~10.0.2"
    bootstrap "^5.3.8"

"@abp/core@~10.0.2":
  version "10.0.2"
  resolved "https://registry.yarnpkg.com/@abp/core/-/core-10.0.2.tgz#31b64994b27f005682c88a30f53dc384fa4aff39"
  integrity sha512-8TWb0n37DMh10QMdM3le0eD9hhE8UdY0cb6jqJEN+Legb/5PD+fEaeSB6WOhYI1B8skdufzHQZvnK0PE5kk0Uw==
  dependencies:
    "@abp/utils" "~10.0.2"

"@abp/datatables.net-bs5@~10.0.2":
  version "10.0.2"
  resolved "https://registry.yarnpkg.com/@abp/datatables.net-bs5/-/datatables.net-bs5-10.0.2.tgz#5a2c15ede5ae2828d7855b7c5722460a0ab6302d"
  integrity sha512-OdVh6LB5wpXKij3ZMU4Is8OI8gACG0wMoTN5V0QtACbmS0ZcQGEQzsQBb1LPledWVDTDCaHYGmW+bnqihMovXw==
  dependencies:
    "@abp/datatables.net" "~10.0.2"
    datatables.net-bs5 "^2.3.4"

"@abp/datatables.net@~10.0.2":
  version "10.0.2"
  resolved "https://registry.yarnpkg.com/@abp/datatables.net/-/datatables.net-10.0.2.tgz#c3d78e132a4d3c35e3f0534cfe6fddcea87441f9"
  integrity sha512-xZJvsYkaZ2V5fHj0vKTJ8dCpD7xJCIBzImd1KF2AeudbARhmuQGysKp1maMcXvR3zyISvwrYVw9N3BSgsXR6ww==
  dependencies:
    "@abp/jquery" "~10.0.2"
    datatables.net "^2.3.4"

"@abp/font-awesome@~10.0.2":
  version "10.0.2"
  resolved "https://registry.yarnpkg.com/@abp/font-awesome/-/font-awesome-10.0.2.tgz#98e56c81bcf298c60ac01cf7b91ffbf00cc6fe0d"
  integrity sha512-8Dhb+awk1vcwoQXIrmTX9E1MymrnmkQYVs3Z9pnllkeiEyK13HjchDR6R6L46rkH7UaPbg0cWiP0bJxOjUusvw==
  dependencies:
    "@abp/core" "~10.0.2"
    "@fortawesome/fontawesome-free" "^7.0.1"

"@abp/jquery-form@~10.0.2":
  version "10.0.2"
  resolved "https://registry.yarnpkg.com/@abp/jquery-form/-/jquery-form-10.0.2.tgz#671adc793e6d8264cc58ffe7906bde3d5b70bb26"
  integrity sha512-aFKdc1rKuAYX9iyyOTv52iPX4zomPvgXX4bCFITjhasgE7Wz/FUD2VhtK7ZZ7LLNGXbY8AV3I0KI4AsyDrl7hA==
  dependencies:
    "@abp/jquery" "~10.0.2"
    jquery-form "^4.3.0"

"@abp/jquery-validation-unobtrusive@~10.0.2":
  version "10.0.2"
  resolved "https://registry.yarnpkg.com/@abp/jquery-validation-unobtrusive/-/jquery-validation-unobtrusive-10.0.2.tgz#3538fc72475bb728445f518cddace6e7f5a55590"
  integrity sha512-reCGTZJfbXoepIYUyLW7havalo/xbRUQ6g/v+FvtGlZxNGEtl983ayTUPDvMaDrwPLPjYTXFIe6uS54HVGvPXg==
  dependencies:
    "@abp/jquery-validation" "~10.0.2"
    jquery-validation-unobtrusive "^4.0.0"

"@abp/jquery-validation@~10.0.2":
  version "10.0.2"
  resolved "https://registry.yarnpkg.com/@abp/jquery-validation/-/jquery-validation-10.0.2.tgz#5935430d88649400a6813ad4c3e7818402b8df02"
  integrity sha512-5kebCjQBBBSu7LV8VnZmPWnHZpM9fHEyRs8IZJj3QY1w0UFkfMI56Vq0PB3yCfiwwLJNMZD8o0vZ2tBdax7RQg==
  dependencies:
    "@abp/jquery" "~10.0.2"
    jquery-validation "^1.21.0"

"@abp/jquery@~10.0.2":
  version "10.0.2"
  resolved "https://registry.yarnpkg.com/@abp/jquery/-/jquery-10.0.2.tgz#414557453006608798257f3f3068d8c49c389a8d"
  integrity sha512-5kv0cJUWBbpgZMYcX3pSAzmnmTrc6NwoPvTx0p78Je1wa613Q8kDcwsPOj6PAOsU+y1+L/vfedkthxVt60Kxfw==
  dependencies:
    "@abp/core" "~10.0.2"
    jquery "~3.7.1"

"@abp/lodash@~10.0.2":
  version "10.0.2"
  resolved "https://registry.yarnpkg.com/@abp/lodash/-/lodash-10.0.2.tgz#a1680b6eea92ea78c3f1a9407f900452017bc821"
  integrity sha512-KeE7EBY8OrDFJtC6BNRBa3COr2wrfF/6vSRvC4fG+TEsOAUxc6btAAMU+sliSxx+rpLCUcgacNHDbyvAnoBuDQ==
  dependencies:
    "@abp/core" "~10.0.2"
    lodash "^4.17.21"

"@abp/luxon@~10.0.2":
  version "10.0.2"
  resolved "https://registry.yarnpkg.com/@abp/luxon/-/luxon-10.0.2.tgz#dc4e52085ef2cf57f7f328fb64be7449e4da6fc2"
  integrity sha512-+bBvHEtFzLrIcaJq7MnCbNhJaU+O7x2FuNyRxQ87ML1B1w1ePh/xcl5eHoDJspKTyJKzEqE+NLp/zCKug2Kx0Q==
  dependencies:
    "@abp/core" "~10.0.2"
    luxon "^3.7.2"

"@abp/malihu-custom-scrollbar-plugin@~10.0.2":
  version "10.0.2"
  resolved "https://registry.yarnpkg.com/@abp/malihu-custom-scrollbar-plugin/-/malihu-custom-scrollbar-plugin-10.0.2.tgz#580c21360f58b3cf3bd5b17516dd575208812c4f"
  integrity sha512-IlPCzNZV25xRHZyQRSA7jVdl6AZQv1hWRdWUtWQAUDPLEUiA+f/3D7Lo2AWuCtYH/l54br2+sow8Z9vVpulKBA==
  dependencies:
    "@abp/core" "~10.0.2"
    malihu-custom-scrollbar-plugin "^3.1.5"

"@abp/moment@~10.0.2":
  version "10.0.2"
  resolved "https://registry.yarnpkg.com/@abp/moment/-/moment-10.0.2.tgz#a7438152c44a9c613f6b545dbc7a7d5037d4cd1f"
  integrity sha512-2WLek6MA5X7U9tJtlrHEBzwWvS2VXFczk0K0WOoi/BZmabNhUG4SJZaCVfwGTaGIdMRqLxhFuDJDyq2QXbLCCQ==
  dependencies:
    moment "^2.30.1"

"@abp/select2@~10.0.2":
  version "10.0.2"
  resolved "https://registry.yarnpkg.com/@abp/select2/-/select2-10.0.2.tgz#04c98ddfca4c5dcae9509fe7e68f49738217a8cb"
  integrity sha512-+6gLa8iQwG9AcIYthOa9VpvIWU1NmxWDZ9fgA43j+97/77tGzmAWHW7QEGtW1qBXb04lXJpSOws3mLz4kZyneA==
  dependencies:
    "@abp/core" "~10.0.2"
    select2 "^4.0.13"

"@abp/sweetalert2@~10.0.2":
  version "10.0.2"
  resolved "https://registry.yarnpkg.com/@abp/sweetalert2/-/sweetalert2-10.0.2.tgz#30c3a58b1e4238df85a31dc82985a94bf21becbe"
  integrity sha512-h9xiDPQOh6FJhh0daHXn8N2siGBzSD2TO/cP7rP/jMJUX68QrhI2LdIL36NkqLKMZ4VAnlCO0dRyfOdz+gm86g==
  dependencies:
    "@abp/core" "~10.0.2"
    sweetalert2 "^11.23.0"

"@abp/timeago@~10.0.2":
  version "10.0.2"
  resolved "https://registry.yarnpkg.com/@abp/timeago/-/timeago-10.0.2.tgz#5d2421efa9285ca4066452fc024fc778762b5511"
  integrity sha512-4FNMzzGovr+AmZfNMo1+XLSvVwaCrJaEbDqqq/cjxBr2hdbA+nVTp/CAFjkEMEjsNy+2NU9Nk8dmdERmlUFeKg==
  dependencies:
    "@abp/jquery" "~10.0.2"
    timeago "^1.6.7"

"@abp/utils@~10.0.2":
  version "10.0.2"
  resolved "https://registry.yarnpkg.com/@abp/utils/-/utils-10.0.2.tgz#e1b5384cdad0b6d417228af165e815870772a86e"
  integrity sha512-+akwevzwZBWakgBihjQ5nHerM8OEJYDLThzCGrBw6Sg+xpBc1RL5YRDXh4ZU8rD8r8okL1+jRuwv0KEBuqYufw==
  dependencies:
    just-compare "^2.3.0"

"@fortawesome/fontawesome-free@^7.0.1":
  version "7.1.0"
  resolved "https://registry.yarnpkg.com/@fortawesome/fontawesome-free/-/fontawesome-free-7.1.0.tgz#8eb76278515341720aa74485266f8be121089529"
  integrity sha512-+WxNld5ZCJHvPQCr/GnzCTVREyStrAJjisUPtUxG5ngDA8TMlPnKp6dddlTpai4+1GNmltAeuk1hJEkBohwZYA==

"@kurkle/color@^0.3.0":
  version "0.3.4"
  resolved "https://registry.yarnpkg.com/@kurkle/color/-/color-0.3.4.tgz#4d4ff677e1609214fc71c580125ddddd86abcabf"
  integrity sha512-M5UknZPHRu3DEDWoipU6sE8PdkZ6Z/S+v4dD+Ke8IaNlpdSQah50lz1KtcFBa2vsdOnwbbnxJwVM4wty6udA5w==

"@microsoft/signalr@^8.0.7":
  version "8.0.29"
  resolved "https://registry.yarnpkg.com/@microsoft/signalr/-/signalr-8.0.29.tgz#e9d83c9f34b5dbb7f62e424999a3f51d49404f18"
  integrity sha512-yzszFiTAuRxHm3qxNaSan3YzN8dffLqQcc3ZNJD2tn9eInCBBi7u2xCJ6AVNXjw19RDoBc+NPWfYN43K1HcjdA==
  dependencies:
    abort-controller "^3.0.0"
    eventsource "^2.0.2"
    fetch-cookie "^2.0.3"
    node-fetch "^2.6.7"
    ws "^7.5.10"

abort-controller@^3.0.0:
  version "3.0.0"
  resolved "https://registry.yarnpkg.com/abort-controller/-/abort-controller-3.0.0.tgz#eaf54d53b62bae4138e809ca225c8439a6efb392"
  integrity sha512-h8lQ8tacZYnR3vNQTgibj+tODHI5/+l06Au2Pcriv/Gmet0eaj4TwWH41sO9wnHDiQsEj19q0drzdWdeAHtweg==
  dependencies:
    event-target-shim "^5.0.0"

ansi-colors@^4.1.3:
  version "4.1.3"
  resolved "https://registry.yarnpkg.com/ansi-colors/-/ansi-colors-4.1.3.tgz#37611340eb2243e70cc604cad35d63270d48781b"
  integrity sha512-/6w/C21Pm1A7aZitlI5Ni/2J6FFQN8i1Cvz3kHABAAbw93v/NlvKdVOqz7CCWz/3iv/JplRSEEZ83XION15ovw==

bootstrap-datepicker@^1.10.1:
  version "1.10.1"
  resolved "https://registry.yarnpkg.com/bootstrap-datepicker/-/bootstrap-datepicker-1.10.1.tgz#0a8bec42957ea1ce1272b91bcf2b53696629fb86"
  integrity sha512-GIe+fsLp9Hi30oW7L2v2Q9/a4+aojrIA2p4ZagtLuKw2lpfQgjJjM0L6vl/lYQydGXWUbpoKbEC/O5tzWIkEKQ==
  dependencies:
    jquery ">=3.4.0 <4.0.0"

bootstrap-daterangepicker@^3.1.0:
  version "3.1.0"
  resolved "https://registry.yarnpkg.com/bootstrap-daterangepicker/-/bootstrap-daterangepicker-3.1.0.tgz#632e6fb2de4b6360c5c0a9d5f6adb9aace051fe8"
  integrity sha512-oaQZx6ZBDo/dZNyXGVi2rx5GmFXThyQLAxdtIqjtLlYVaQUfQALl5JZMJJZzyDIX7blfy4ppZPAJ10g8Ma4d/g==
  dependencies:
    jquery ">=1.10"
    moment "^2.9.0"

bootstrap@^5.3.8:
  version "5.3.8"
  resolved "https://registry.yarnpkg.com/bootstrap/-/bootstrap-5.3.8.tgz#6401a10057a22752d21f4e19055508980656aeed"
  integrity sha512-HP1SZDqaLDPwsNiqRqi5NcP0SSXciX2s9E+RyqJIIqGo+vJeN5AJVM98CXmW/Wux0nQ5L7jeWUdplCEf0Ee+tg==

chart.js@^4.4.1:
  version "4.5.1"
  resolved "https://registry.yarnpkg.com/chart.js/-/chart.js-4.5.1.tgz#19dd1a9a386a3f6397691672231cb5fc9c052c35"
  integrity sha512-GIjfiT9dbmHRiYi6Nl2yFCq7kkwdkp1W/lp2J99rX0yo9tgJGn3lKQATztIjb5tVtevcBtIdICNWqlq5+E8/Pw==
  dependencies:
    "@kurkle/color" "^0.3.0"

datatables.net-bs5@^2.3.4:
  version "2.3.6"
  resolved "https://registry.yarnpkg.com/datatables.net-bs5/-/datatables.net-bs5-2.3.6.tgz#88e9b015cb3d260f3e874f0f9ad16dc566b997da"
  integrity sha512-oUNGjZrpNC2fY3l/6V4ijTC9kyVKU4Raons+RFmq2J7590rPn0c+5WAYKBx0evgW/CW7WfhStGBrU7+WJig6Og==
  dependencies:
    datatables.net "2.3.6"
    jquery ">=1.7"

datatables.net@2.3.6, datatables.net@^2.3.4:
  version "2.3.6"
  resolved "https://registry.yarnpkg.com/datatables.net/-/datatables.net-2.3.6.tgz#a11be57a2b50d7231cae2980a8ff1df3c18b7b17"
  integrity sha512-xQ/dCxrjfxM0XY70wSIzakkTZ6ghERwlLmAPyCnu8Sk5cyt9YvOVyOsFNOa/BZ/lM63Q3i2YSSvp/o7GXZGsbg==
  dependencies:
    jquery ">=1.7"

event-target-shim@^5.0.0:
  version "5.0.1"
  resolved "https://registry.yarnpkg.com/event-target-shim/-/event-target-shim-5.0.1.tgz#5d4d3ebdf9583d63a5333ce2deb7480ab2b05789"
  integrity sha512-i/2XbnSz/uxRCU6+NdVJgKWDTM427+MqYbkQzD321DuCQJUqOuJKIA0IM2+W2xtYHdKOmZ4dR6fExsd4SXL+WQ==

eventsource@^2.0.2:
  version "2.0.2"
  resolved "https://registry.yarnpkg.com/eventsource/-/eventsource-2.0.2.tgz#76dfcc02930fb2ff339520b6d290da573a9e8508"
  integrity sha512-IzUmBGPR3+oUG9dUeXynyNmf91/3zUSJg1lCktzKw47OXuhco54U3r9B7O4XX+Rb1Itm9OZ2b0RkTs10bICOxA==

fetch-cookie@^2.0.3:
  version "2.2.0"
  resolved "https://registry.yarnpkg.com/fetch-cookie/-/fetch-cookie-2.2.0.tgz#01086b6b5b1c3e08f15ffd8647b02ca100377365"
  integrity sha512-h9AgfjURuCgA2+2ISl8GbavpUdR+WGAM2McW/ovn4tVccegp8ZqCKWSBR8uRdM8dDNlx5WdKRWxBYUwteLDCNQ==
  dependencies:
    set-cookie-parser "^2.4.8"
    tough-cookie "^4.0.0"

jquery-form@^4.3.0:
  version "4.3.0"
  resolved "https://registry.yarnpkg.com/jquery-form/-/jquery-form-4.3.0.tgz#7d3961c314a1f2d15298f4af1d3943f54f4149c6"
  integrity sha512-q3uaVCEWdLOYUCI6dpNdwf/7cJFOsUgdpq6r0taxtGQ5NJSkOzofyWm4jpOuJ5YxdmL1FI5QR+q+HB63HHLGnQ==
  dependencies:
    jquery ">=1.7.2"

jquery-mousewheel@>=3.0.6:
  version "3.2.2"
  resolved "https://registry.yarnpkg.com/jquery-mousewheel/-/jquery-mousewheel-3.2.2.tgz#48c833f6260ee0c46d438a999e7d0060ec9eed0b"
  integrity sha512-JP71xTAg08ZY3hcs9ZbYUZ5i+dkSsz4yRl/zpWkAmtzc+kMs5EfPkpkINSidiLYMaR0MTo3DfFGF9WIezMsFQQ==
  dependencies:
    jquery ">=1.2.6"

jquery-validation-unobtrusive@^4.0.0:
  version "4.0.0"
  resolved "https://registry.yarnpkg.com/jquery-validation-unobtrusive/-/jquery-validation-unobtrusive-4.0.0.tgz#dfcf25a558496a2c883db6021d10f5398d15f99d"
  integrity sha512-1ervYFFv6LX/rp7ktuLnMakHNG0piNRDyROI8Ir3hL1vPIwylAehB1AY3BPrYJnzW3WmwWryZq+Bz4sazZK9iQ==
  dependencies:
    jquery "^3.6.0"
    jquery-validation ">=1.19"

jquery-validation@>=1.19, jquery-validation@^1.21.0:
  version "1.21.0"
  resolved "https://registry.yarnpkg.com/jquery-validation/-/jquery-validation-1.21.0.tgz#78fc05ab76020912a246af3661b3f54a438bca93"
  integrity sha512-xNot0rlUIgu7duMcQ5qb6MGkGL/Z1PQaRJQoZAURW9+a/2PGOUxY36o/WyNeP2T9R6jvWB8Z9lUVvvQWI/Zs5w==

jquery@>=1.10, jquery@>=1.2.6, jquery@>=1.7, jquery@>=1.7.2:
  version "4.0.0"
  resolved "https://registry.yarnpkg.com/jquery/-/jquery-4.0.0.tgz#95c33ac29005ff72ec444c5ba1cf457e61404fbb"
  integrity sha512-TXCHVR3Lb6TZdtw1l3RTLf8RBWVGexdxL6AC8/e0xZKEpBflBsjh9/8LXw+dkNFuOyW9B7iB3O1sP7hS0Kiacg==

"jquery@>=1.5.0 <4.0", "jquery@>=3.4.0 <4.0.0", jquery@^3.6.0, jquery@~3.7.1:
  version "3.7.1"
  resolved "https://registry.yarnpkg.com/jquery/-/jquery-3.7.1.tgz#083ef98927c9a6a74d05a6af02806566d16274de"
  integrity sha512-m4avr8yL8kmFN8psrbFFFmB/If14iN5o9nw/NgnnM+kybDJpRsAynV2BsfpTYrTRysYUdADVD7CkUUizgkpLfg==

just-compare@^2.3.0:
  version "2.3.0"
  resolved "https://registry.yarnpkg.com/just-compare/-/just-compare-2.3.0.tgz#a2adcc1d1940536263275f5a1ef1298bcacfeda7"
  integrity sha512-6shoR7HDT+fzfL3gBahx1jZG3hWLrhPAf+l7nCwahDdT9XDtosB9kIF0ZrzUp5QY8dJWfQVr5rnsPqsbvflDzg==

lodash@^4.17.21:
  version "4.17.21"
  resolved "https://registry.yarnpkg.com/lodash/-/lodash-4.17.21.tgz#679591c564c3bffaae8454cf0b3df370c3d6911c"
  integrity sha512-v2kDEe57lecTulaDIuNTPy3Ry4gLGJ6Z1O3vE1krgXZNrsQ+LFTGHVxVjcXPs17LhbZVGedAJv8XZ1tvj5FvSg==

luxon@^3.7.2:
  version "3.7.2"
  resolved "https://registry.yarnpkg.com/luxon/-/luxon-3.7.2.tgz#d697e48f478553cca187a0f8436aff468e3ba0ba"
  integrity sha512-vtEhXh/gNjI9Yg1u4jX/0YVPMvxzHuGgCm6tC5kZyb08yjGWGnqAjGJvcXbqQR2P3MyMEFnRbpcdFS6PBcLqew==

malihu-custom-scrollbar-plugin@^3.1.5:
  version "3.1.5"
  resolved "https://registry.yarnpkg.com/malihu-custom-scrollbar-plugin/-/malihu-custom-scrollbar-plugin-3.1.5.tgz#310cecc5e59415a1c29e9dfb5d2b6e01d66a29ef"
  integrity sha512-lwW3LgI+CNDMPnP4ED2la6oYxWMkCXlnhex+s2wuOLhFDFGnGmQuTQVdRK9bvDLpxs10sGlfErVufJy9ztfgJQ==
  dependencies:
    jquery-mousewheel ">=3.0.6"

moment@^2.30.1, moment@^2.9.0:
  version "2.30.1"
  resolved "https://registry.yarnpkg.com/moment/-/moment-2.30.1.tgz#f8c91c07b7a786e30c59926df530b4eac96974ae"
  integrity sha512-uEmtNhbDOrWPFS+hdjFCBfy9f2YoyzRpwcl+DqpC6taX21FzsTLQVbMV/W7PzNSX6x/bhC1zA3c2UQ5NzH6how==

node-fetch@^2.6.7:
  version "2.7.0"
  resolved "https://registry.yarnpkg.com/node-fetch/-/node-fetch-2.7.0.tgz#d0f0fa6e3e2dc1d27efcd8ad99d550bda94d187d"
  integrity sha512-c4FRfUm/dbcWZ7U+1Wq0AwCyFL+3nt2bEw05wfxSz+DWpWsitgmSgYmy2dQdWyKC1694ELPqMs/YzUSNozLt8A==
  dependencies:
    whatwg-url "^5.0.0"

psl@^1.1.33:
  version "1.15.0"
  resolved "https://registry.yarnpkg.com/psl/-/psl-1.15.0.tgz#bdace31896f1d97cec6a79e8224898ce93d974c6"
  integrity sha512-JZd3gMVBAVQkSs6HdNZo9Sdo0LNcQeMNP3CozBJb3JYC/QUYZTnKxP+f8oWRX4rHP5EurWxqAHTSwUCjlNKa1w==
  dependencies:
    punycode "^2.3.1"

punycode@^2.1.1, punycode@^2.3.1:
  version "2.3.1"
  resolved "https://registry.yarnpkg.com/punycode/-/punycode-2.3.1.tgz#027422e2faec0b25e1549c3e1bd8309b9133b6e5"
  integrity sha512-vYt7UD1U9Wg6138shLtLOvdAu+8DsC/ilFtEVHcH+wydcSpNE20AfSOduf6MkRFahL5FY7X1oU7nKVZFtfq8Fg==

querystringify@^2.1.1:
  version "2.2.0"
  resolved "https://registry.yarnpkg.com/querystringify/-/querystringify-2.2.0.tgz#3345941b4153cb9d082d8eee4cda2016a9aef7f6"
  integrity sha512-FIqgj2EUvTa7R50u0rGsyTftzjYmv/a3hO345bZNrqabNqjtgiDMgmo4mkUjd+nzU5oF3dClKqFIPUKybUyqoQ==

requires-port@^1.0.0:
  version "1.0.0"
  resolved "https://registry.yarnpkg.com/requires-port/-/requires-port-1.0.0.tgz#925d2601d39ac485e091cf0da5c6e694dc3dcaff"
  integrity sha512-KigOCHcocU3XODJxsu8i/j8T9tzT4adHiecwORRQ0ZZFcp7ahwXuRU1m+yuO90C5ZUyGeGfocHDI14M3L3yDAQ==

select2@^4.0.13:
  version "4.0.13"
  resolved "https://registry.yarnpkg.com/select2/-/select2-4.0.13.tgz#0dbe377df3f96167c4c1626033e924372d8ef44d"
  integrity sha512-1JeB87s6oN/TDxQQYCvS5EFoQyvV6eYMZZ0AeA4tdFDYWN3BAGZ8npr17UBFddU0lgAt3H0yjX3X6/ekOj1yjw==

set-cookie-parser@^2.4.8:
  version "2.7.2"
  resolved "https://registry.yarnpkg.com/set-cookie-parser/-/set-cookie-parser-2.7.2.tgz#ccd08673a9ae5d2e44ea2a2de25089e67c7edf68"
  integrity sha512-oeM1lpU/UvhTxw+g3cIfxXHyJRc/uidd3yK1P242gzHds0udQBYzs3y8j4gCCW+ZJ7ad0yctld8RYO+bdurlvw==

sortablejs@^1.15.6:
  version "1.15.7"
  resolved "https://registry.yarnpkg.com/sortablejs/-/sortablejs-1.15.7.tgz#83a0bddc472117ee328dea20b2e6f490fed20f86"
  integrity sha512-Kk8wLQPlS+yi1ZEf48a4+fzHa4yxjC30M/Sr2AnQu+f/MPwvvX9XjZ6OWejiz8crBsLwSq8GHqaxaET7u6ux0A==

sweetalert2@^11.23.0:
  version "11.26.17"
  resolved "https://registry.yarnpkg.com/sweetalert2/-/sweetalert2-11.26.17.tgz#be5dd2a9b8d1c3b2672de4de4d172e62f7be3a6d"
  integrity sha512-kkaySn1IRfwNlf9AkZVqDmBINDWw9NRR6Ij0O5dBRBOD1+mbtZJWxxR9/pA90nce9E5tIIkJ7SWij4rMWXtA1g==

timeago@^1.6.7:
  version "1.6.7"
  resolved "https://registry.yarnpkg.com/timeago/-/timeago-1.6.7.tgz#afd467c29a911e697fc22a81888c7c3022783cb5"
  integrity sha512-FikcjN98+ij0siKH4VO4dZ358PR3oDDq4Vdl1+sN9gWz1/+JXGr3uZbUShYH/hL7bMhcTpPbplJU5Tej4b4jbQ==
  dependencies:
    jquery ">=1.5.0 <4.0"

tough-cookie@^4.0.0:
  version "4.1.4"
  resolved "https://registry.yarnpkg.com/tough-cookie/-/tough-cookie-4.1.4.tgz#945f1461b45b5a8c76821c33ea49c3ac192c1b36"
  integrity sha512-Loo5UUvLD9ScZ6jh8beX1T6sO1w2/MpCRpEP7V280GKMVUQ0Jzar2U3UJPsrdbziLEMMhu3Ujnq//rhiFuIeag==
  dependencies:
    psl "^1.1.33"
    punycode "^2.1.1"
    universalify "^0.2.0"
    url-parse "^1.5.3"

tr46@~0.0.3:
  version "0.0.3"
  resolved "https://registry.yarnpkg.com/tr46/-/tr46-0.0.3.tgz#8184fd347dac9cdc185992f3a6622e14b9d9ab6a"
  integrity sha512-N3WMsuqV66lT30CrXNbEjx4GEwlow3v6rr4mCcv6prnfwhS01rkgyFdjPNBYd9br7LpXV1+Emh01fHnq2Gdgrw==

universalify@^0.2.0:
  version "0.2.0"
  resolved "https://registry.yarnpkg.com/universalify/-/universalify-0.2.0.tgz#6451760566fa857534745ab1dde952d1b1761be0"
  integrity sha512-CJ1QgKmNg3CwvAv/kOFmtnEN05f0D/cn9QntgNOQlQF9dgvVTHj3t+8JPdjqawCHk7V/KA+fbUqzZ9XWhcqPUg==

url-parse@^1.5.3:
  version "1.5.10"
  resolved "https://registry.yarnpkg.com/url-parse/-/url-parse-1.5.10.tgz#9d3c2f736c1d75dd3bd2be507dcc111f1e2ea9c1"
  integrity sha512-WypcfiRhfeUP9vvF0j6rw0J3hrWrw6iZv3+22h6iRMJ/8z1Tj6XfLP4DsUix5MhMPnXpiHDoKyoZ/bdCkwBCiQ==
  dependencies:
    querystringify "^2.1.1"
    requires-port "^1.0.0"

webidl-conversions@^3.0.0:
  version "3.0.1"
  resolved "https://registry.yarnpkg.com/webidl-conversions/-/webidl-conversions-3.0.1.tgz#24534275e2a7bc6be7bc86611cc16ae0a5654871"
  integrity sha512-2JAn3z8AR6rjK8Sm8orRC0h/bcl/DqL7tRPdGZ4I1CjdF+EaMLmYxBHyXuKL849eucPFhvBoxMsflfOb8kxaeQ==

whatwg-url@^5.0.0:
  version "5.0.0"
  resolved "https://registry.yarnpkg.com/whatwg-url/-/whatwg-url-5.0.0.tgz#966454e8765462e37644d3626f6742ce8b70965d"
  integrity sha512-saE57nupxk6v3HY35+jzBwYa0rKSy0XR8JSxZPwgLr7ys0IBzhGviA1/TUGJLmSVqs8pb9AnvICXEuOHLprYTw==
  dependencies:
    tr46 "~0.0.3"
    webidl-conversions "^3.0.0"

ws@^7.5.10:
  version "7.5.13"
  resolved "https://registry.yarnpkg.com/ws/-/ws-7.5.13.tgz#12aa507eaca76c295c278b1aebf4698ab2c1845f"
  integrity sha512-rsKI6xDBFVf4r/x8XyChGK04QR/XHroxs/jUcoWvtEZM8TPU/X/uIY9B1CsSzYws9ZJb/6bbBu7dPhFW00CAoA==
